
Microsoft Visual Studio Solution File, Format Version 12.00
# Visual Studio Version 17
VisualStudioVersion = 17.11.35312.102
MinimumVisualStudioVersion = 10.0.40219.1
Project("{FAE04EC0-301F-11D3-BF4B-00C04F79EFBC}") = "Inventory.Web", "Inventory.Web\Inventory.Web.csproj", "{1B425DEF-7489-4057-A849-525474807706}"
EndProject
Project("{FAE04EC0-301F-11D3-BF4B-00C04F79EFBC}") = "Inventory.Models", "Inventory.Models\Inventory.Models.csproj", "{1550F579-4B82-4F99-AA14-BC34F73E75ED}"
EndProject
Project("{FAE04EC0-301F-11D3-BF4B-00C04F79EFBC}") = "Inventory.Utilities", "Inventory.Utilities\Inventory.Utilities.csproj", "{F1431E6B-88A7-445F-902F-CF9E432BE9AD}"
EndProject
Project("{FAE04EC0-301F-11D3-BF4B-00C04F79EFBC}") = "Inventory.Repositories", "Inventory.Repositories\Inventory.Repositories.csproj", "{C168EC5F-F391-461A-AF81-E22D40452E0D}"
EndProject
Project("{FAE04EC0-301F-11D3-BF4B-00C04F79EFBC}") = "Inventory.ViewModels", "Inventory.ViewModels\Inventory.ViewModels.csproj", "{A114C302-C74C-4C91-8AF8-B6006471E697}"
EndProject
Global
	GlobalSection(SolutionConfigurationPlatforms) = preSolution
		Debug|Any CPU = Debug|Any CPU
		Release|Any CPU = Release|Any CPU
	EndGlobalSection
	GlobalSection(ProjectConfigurationPlatforms) = postSolution
		{1B425DEF-7489-4057-A849-525474807706}.Debug|Any CPU.ActiveCfg = Debug|Any CPU
		{1B425DEF-7489-4057-A849-525474807706}.Debug|Any CPU.Build.0 = Debug|Any CPU
		{1B425DEF-7489-4057-A849-525474807706}.Release|Any CPU.ActiveCfg = Release|Any CPU
		{1B425DEF-7489-4057-A849-525474807706}.Release|Any CPU.Build.0 = Release|Any CPU
		{1550F579-4B82-4F99-AA14-BC34F73E75ED}.Debug|Any CPU.ActiveCfg = Debug|Any CPU
		{1550F579-4B82-4F99-AA14-BC34F73E75ED}.Debug|Any CPU.Build.0 = Debug|Any CPU
		{1550F579-4B82-4F99-AA14-BC34F73E75ED}.Release|Any CPU.ActiveCfg = Release|Any CPU
		{1550F579-4B82-4F99-AA14-BC34F73E75ED}.Release|Any CPU.Build.0 = Release|Any CPU
		{F1431E6B-88A7-445F-902F-CF9E432BE9AD}.Debug|Any CPU.ActiveCfg = Debug|Any CPU
		{F1431E6B-88A7-445F-902F-CF9E432BE9AD}.Debug|Any CPU.Build.0 = Debug|Any CPU
		{F1431E6B-88A7-445F-902F-CF9E432BE9AD}.Release|Any CPU.ActiveCfg = Release|Any CPU
		{F1431E6B-88A7-445F-902F-CF9E432BE9AD}.Release|Any CPU.Build.0 = Release|Any CPU
		{C168EC5F-F391-461A-AF81-E22D40452E0D}.Debug|Any CPU.ActiveCfg = Debug|Any CPU
		{C168EC5F-F391-461A-AF81-E22D40452E0D}.Debug|Any CPU.Build.0 = Debug|Any CPU
		{C168EC5F-F391-461A-AF81-E22D40452E0D}.Release|Any CPU.ActiveCfg = Release|Any CPU
		{C168EC5F-F391-461A-AF81-E22D40452E0D}.Release|Any CPU.Build.0 = Release|Any CPU
		{A114C302-C74C-4C91-8AF8-B6006471E697}.Debug|Any CPU.ActiveCfg = Debug|Any CPU
		{A114C302-C74C-4C91-8AF8-B6006471E697}.Debug|Any CPU.Build.0 = Debug|Any CPU
		{A114C302-C74C-4C91-8AF8-B6006471E697}.Release|Any CPU.ActiveCfg = Release|Any CPU
		{A114C302-C74C-4C91-8AF8-B6006471E697}.Release|Any CPU.Build.0 = Release|Any CPU
	EndGlobalSection
	GlobalSection(SolutionProperties) = preSolution
		HideSolutionNode = FALSE
	EndGlobalSection
	GlobalSection(ExtensibilityGlobals) = postSolution
		SolutionGuid = {DCCC2059-1830-4BCD-A8BB-C62508C0FF89}
	EndGlobalSection
EndGlobal
